
Microsoft Visual Studio Solution File, Format Version 12.00
# Visual Studio Version 16
VisualStudioVersion = 16.0.28803.202
MinimumVisualStudioVersion = 10.0.40219.1
Project("{FAE04EC0-301F-11D3-BF4B-00C04F79EFBC}") = "WpfApp1", "WpfApp1\WpfApp1.csproj", "{939D18EB-70B3-4B18-B2F7-5993E56C48CF}"
EndProject
Global
	GlobalSection(SolutionConfigurationPlatforms) = preSolution
		Debug|Any CPU = Debug|Any CPU
		Release|Any CPU = Release|Any CPU
	EndGlobalSection
	GlobalSection(ProjectConfigurationPlatforms) = postSolution
		{939D18EB-70B3-4B18-B2F7-5993E56C48CF}.Debug|Any CPU.ActiveCfg = Debug|Any CPU
		{939D18EB-70B3-4B18-B2F7-5993E56C48CF}.Debug|Any CPU.Build.0 = Debug|Any CPU
		{939D18EB-70B3-4B18-B2F7-5993E56C48CF}.Release|Any CPU.ActiveCfg = Release|Any CPU
		{939D18EB-70B3-4B18-B2F7-5993E56C48CF}.Release|Any CPU.Build.0 = Release|Any CPU
	EndGlobalSection
	GlobalSection(SolutionProperties) = preSolution
		HideSolutionNode = FALSE
	EndGlobalSection
	GlobalSection(ExtensibilityGlobals) = postSolution
		SolutionGuid = {A9C099B5-8CCF-4994-A6CE-C11C0B9554CE}
	EndGlobalSection
EndGlobal
